// !$*UTF8*$!
{
	archiveVersion = 1;
	classes = {
	};
	objectVersion = 56;
	objects = {

/* Begin PBXBuildFile section */
		27045E092AD97E86005C5491 /* DetailViewController.swift in Sources */ = {isa = PBXBuildFile; fileRef = 27045E082AD97E86005C5491 /* DetailViewController.swift */; };
		2747FE262AD313E8002A08A5 /* CustomCoinTableViewCell.swift in Sources */ = {isa = PBXBuildFile; fileRef = 2747FE252AD313E8002A08A5 /* CustomCoinTableViewCell.swift */; };
		27880B172AD096BE0092062B /* Utility.swift in Sources */ = {isa = PBXBuildFile; fileRef = 27880B162AD096BE0092062B /* Utility.swift */; };
		27880B192AD097EF0092062B /* Coin.swift in Sources */ = {isa = PBXBuildFile; fileRef = 27880B182AD097EF0092062B /* Coin.swift */; };
		27880B1B2AD0A08A0092062B /* SetFetchTime.swift in Sources */ = {isa = PBXBuildFile; fileRef = 27880B1A2AD0A08A0092062B /* SetFetchTime.swift */; };
		27BBE2842AD7904B001804BC /* CoreDataStack.swift in Sources */ = {isa = PBXBuildFile; fileRef = 27BBE2832AD7904B001804BC /* CoreDataStack.swift */; };
		27BBE2872AD8A2FA001804BC /* CoinList+CoreDataClass.swift in Sources */ = {isa = PBXBuildFile; fileRef = 27BBE2852AD8A2FA001804BC /* CoinList+CoreDataClass.swift */; };
		27BBE2882AD8A2FA001804BC /* CoinList+CoreDataProperties.swift in Sources */ = {isa = PBXBuildFile; fileRef = 27BBE2862AD8A2FA001804BC /* CoinList+CoreDataProperties.swift */; };
		27BCA2892AC6F5D700185204 /* AppDelegate.swift in Sources */ = {isa = PBXBuildFile; fileRef = 27BCA2882AC6F5D700185204 /* AppDelegate.swift */; };
		27BCA28B2AC6F5D700185204 /* SceneDelegate.swift in Sources */ = {isa = PBXBuildFile; fileRef = 27BCA28A2AC6F5D700185204 /* SceneDelegate.swift */; };
		27BCA28D2AC6F5D700185204 /* ViewController.swift in Sources */ = {isa = PBXBuildFile; fileRef = 27BCA28C2AC6F5D700185204 /* ViewController.swift */; };
		27BCA2902AC6F5D700185204 /* Main.storyboard in Resources */ = {isa = PBXBuildFile; fileRef = 27BCA28E2AC6F5D700185204 /* Main.storyboard */; };
		27BCA2922AC6F5D800185204 /* Assets.xcassets in Resources */ = {isa = PBXBuildFile; fileRef = 27BCA2912AC6F5D800185204 /* Assets.xcassets */; };
		27BCA2952AC6F5D800185204 /* LaunchScreen.storyboard in Resources */ = {isa = PBXBuildFile; fileRef = 27BCA2932AC6F5D800185204 /* LaunchScreen.storyboard */; };
		27C0405E2AD78F260022DAA7 /* CryptoTracker.xcdatamodeld in Sources */ = {isa = PBXBuildFile; fileRef = 27C0405C2AD78F260022DAA7 /* CryptoTracker.xcdatamodeld */; };
/* End PBXBuildFile section */

/* Begin PBXFileReference section */
		27045E082AD97E86005C5491 /* DetailViewController.swift */ = {isa = PBXFileReference; lastKnownFileType = sourcecode.swift; path = DetailViewController.swift; sourceTree = "<group>"; };
		2747FE252AD313E8002A08A5 /* CustomCoinTableViewCell.swift */ = {isa = PBXFileReference; lastKnownFileType = sourcecode.swift; path = CustomCoinTableViewCell.swift; sourceTree = "<group>"; };
		27880B162AD096BE0092062B /* Utility.swift */ = {isa = PBXFileReference; lastKnownFileType = sourcecode.swift; path = Utility.swift; sourceTree = "<group>"; };
		27880B182AD097EF0092062B /* Coin.swift */ = {isa = PBXFileReference; lastKnownFileType = sourcecode.swift; path = Coin.swift; sourceTree = "<group>"; };
		27880B1A2AD0A08A0092062B /* SetFetchTime.swift */ = {isa = PBXFileReference; lastKnownFileType = sourcecode.swift; path = SetFetchTime.swift; sourceTree = "<group>"; };
		27BBE2832AD7904B001804BC /* CoreDataStack.swift */ = {isa = PBXFileReference; lastKnownFileType = sourcecode.swift; path = CoreDataStack.swift; sourceTree = "<group>"; };
		27BBE2852AD8A2FA001804BC /* CoinList+CoreDataClass.swift */ = {isa = PBXFileReference; lastKnownFileType = sourcecode.swift; path = "CoinList+CoreDataClass.swift"; sourceTree = SOURCE_ROOT; };
		27BBE2862AD8A2FA001804BC /* CoinList+CoreDataProperties.swift */ = {isa = PBXFileReference; lastKnownFileType = sourcecode.swift; path = "CoinList+CoreDataProperties.swift"; sourceTree = SOURCE_ROOT; };
		27BCA2852AC6F5D700185204 /* CryptoTracker.app */ = {isa = PBXFileReference; explicitFileType = wrapper.application; includeInIndex = 0; path = CryptoTracker.app; sourceTree = BUILT_PRODUCTS_DIR; };
		27BCA2882AC6F5D700185204 /* AppDelegate.swift */ = {isa = PBXFileReference; lastKnownFileType = sourcecode.swift; path = AppDelegate.swift; sourceTree = "<group>"; };
		27BCA28A2AC6F5D700185204 /* SceneDelegate.swift */ = {isa = PBXFileReference; lastKnownFileType = sourcecode.swift; path = SceneDelegate.swift; sourceTree = "<group>"; };
		27BCA28C2AC6F5D700185204 /* ViewController.swift */ = {isa = PBXFileReference; lastKnownFileType = sourcecode.swift; path = ViewController.swift; sourceTree = "<group>"; };
		27BCA28F2AC6F5D700185204 /* Base */ = {isa = PBXFileReference; lastKnownFileType = file.storyboard; name = Base; path = Base.lproj/Main.storyboard; sourceTree = "<group>"; };
		27BCA2912AC6F5D800185204 /* Assets.xcassets */ = {isa = PBXFileReference; lastKnownFileType = folder.assetcatalog; path = Assets.xcassets; sourceTree = "<group>"; };
		27BCA2942AC6F5D800185204 /* Base */ = {isa = PBXFileReference; lastKnownFileType = file.storyboard; name = Base; path = Base.lproj/LaunchScreen.storyboard; sourceTree = "<group>"; };
		27BCA2962AC6F5D800185204 /* Info.plist */ = {isa = PBXFileReference; lastKnownFileType = text.plist.xml; path = Info.plist; sourceTree = "<group>"; };
		27C0405D2AD78F260022DAA7 /* CryptoTracker.xcdatamodel */ = {isa = PBXFileReference; lastKnownFileType = wrapper.xcdatamodel; path = CryptoTracker.xcdatamodel; sourceTree = "<group>"; };
/* End PBXFileReference section */

/* Begin PBXFrameworksBuildPhase section */
		27BCA2822AC6F5D700185204 /* Frameworks */ = {
			isa = PBXFrameworksBuildPhase;
			buildActionMask = 2147483647;
			files = (
			);
			runOnlyForDeploymentPostprocessing = 0;
		};
/* End PBXFrameworksBuildPhase section */

/* Begin PBXGroup section */
		27045E0A2AD997BB005C5491 /* ViewControllers */ = {
			isa = PBXGroup;
			children = (
				27045E082AD97E86005C5491 /* DetailViewController.swift */,
				27BCA28C2AC6F5D700185204 /* ViewController.swift */,
			);
			path = ViewControllers;
			sourceTree = "<group>";
		};
		2747FE272AD314E0002A08A5 /* CustomCells */ = {
			isa = PBXGroup;
			children = (
				2747FE252AD313E8002A08A5 /* CustomCoinTableViewCell.swift */,
			);
			path = CustomCells;
			sourceTree = "<group>";
		};
		2747FE282AD314EE002A08A5 /* Storyboard */ = {
			isa = PBXGroup;
			children = (
				27BCA28E2AC6F5D700185204 /* Main.storyboard */,
				27BCA2932AC6F5D800185204 /* LaunchScreen.storyboard */,
			);
			path = Storyboard;
			sourceTree = "<group>";
		};
		27880B1C2AD0A7AE0092062B /* Utility */ = {
			isa = PBXGroup;
			children = (
				27880B182AD097EF0092062B /* Coin.swift */,
				27880B1A2AD0A08A0092062B /* SetFetchTime.swift */,
				27880B162AD096BE0092062B /* Utility.swift */,
			);
			path = Utility;
			sourceTree = "<group>";
		};
		27BCA27C2AC6F5D700185204 = {
			isa = PBXGroup;
			children = (
				27BCA2872AC6F5D700185204 /* CryptoTracker */,
				27BCA2862AC6F5D700185204 /* Products */,
			);
			sourceTree = "<group>";
		};
		27BCA2862AC6F5D700185204 /* Products */ = {
			isa = PBXGroup;
			children = (
				27BCA2852AC6F5D700185204 /* CryptoTracker.app */,
			);
			name = Products;
			sourceTree = "<group>";
		};
		27BCA2872AC6F5D700185204 /* CryptoTracker */ = {
			isa = PBXGroup;
			children = (
				27045E0A2AD997BB005C5491 /* ViewControllers */,
				27C0405B2AD78F050022DAA7 /* CoreData */,
				27BCA2882AC6F5D700185204 /* AppDelegate.swift */,
				27BCA28A2AC6F5D700185204 /* SceneDelegate.swift */,
				27880B1C2AD0A7AE0092062B /* Utility */,
				2747FE282AD314EE002A08A5 /* Storyboard */,
				2747FE272AD314E0002A08A5 /* CustomCells */,
				27BCA2912AC6F5D800185204 /* Assets.xcassets */,
				27BCA2962AC6F5D800185204 /* Info.plist */,
			);
			path = CryptoTracker;
			sourceTree = "<group>";
		};
		27C0405B2AD78F050022DAA7 /* CoreData */ = {
			isa = PBXGroup;
			children = (
				27BBE2852AD8A2FA001804BC /* CoinList+CoreDataClass.swift */,
				27BBE2862AD8A2FA001804BC /* CoinList+CoreDataProperties.swift */,
				27C0405C2AD78F260022DAA7 /* CryptoTracker.xcdatamodeld */,
				27BBE2832AD7904B001804BC /* CoreDataStack.swift */,
			);
			path = CoreData;
			sourceTree = "<group>";
		};
/* End PBXGroup section */

/* Begin PBXNativeTarget section */
		27BCA2842AC6F5D700185204 /* CryptoTracker */ = {
			isa = PBXNativeTarget;
			buildConfigurationList = 27BCA2992AC6F5D800185204 /* Build configuration list for PBXNativeTarget "CryptoTracker" */;
			buildPhases = (
				27BCA2812AC6F5D700185204 /* Sources */,
				27BCA2822AC6F5D700185204 /* Frameworks */,
				27BCA2832AC6F5D700185204 /* Resources */,
			);
			buildRules = (
			);
			dependencies = (
			);
			name = CryptoTracker;
			productName = CryptoTracker;
			productReference = 27BCA2852AC6F5D700185204 /* CryptoTracker.app */;
			productType = "com.apple.product-type.application";
		};
/* End PBXNativeTarget section */

/* Begin PBXProject section */
		27BCA27D2AC6F5D700185204 /* Project object */ = {
			isa = PBXProject;
			attributes = {
				BuildIndependentTargetsInParallel = 1;
				LastSwiftUpdateCheck = 1500;
				LastUpgradeCheck = 1500;
				TargetAttributes = {
					27BCA2842AC6F5D700185204 = {
						CreatedOnToolsVersion = 15.0;
					};
				};
			};
			buildConfigurationList = 27BCA2802AC6F5D700185204 /* Build configuration list for PBXProject "CryptoTracker" */;
			compatibilityVersion = "Xcode 14.0";
			developmentRegion = en;
			hasScannedForEncodings = 0;
			knownRegions = (
				en,
				Base,
			);
			mainGroup = 27BCA27C2AC6F5D700185204;
			productRefGroup = 27BCA2862AC6F5D700185204 /* Products */;
			projectDirPath = "";
			projectRoot = "";
			targets = (
				27BCA2842AC6F5D700185204 /* CryptoTracker */,
			);
		};
/* End PBXProject section */

/* Begin PBXResourcesBuildPhase section */
		27BCA2832AC6F5D700185204 /* Resources */ = {
			isa = PBXResourcesBuildPhase;
			buildActionMask = 2147483647;
			files = (
				27BCA2952AC6F5D800185204 /* LaunchScreen.storyboard in Resources */,
				27BCA2922AC6F5D800185204 /* Assets.xcassets in Resources */,
				27BCA2902AC6F5D700185204 /* Main.storyboard in Resources */,
			);
			runOnlyForDeploymentPostprocessing = 0;
		};
/* End PBXResourcesBuildPhase section */

/* Begin PBXSourcesBuildPhase section */
		27BCA2812AC6F5D700185204 /* Sources */ = {
			isa = PBXSourcesBuildPhase;
			buildActionMask = 2147483647;
			files = (
				27BCA28D2AC6F5D700185204 /* ViewController.swift in Sources */,
				27BCA2892AC6F5D700185204 /* AppDelegate.swift in Sources */,
				2747FE262AD313E8002A08A5 /* CustomCoinTableViewCell.swift in Sources */,
				27045E092AD97E86005C5491 /* DetailViewController.swift in Sources */,
				27880B172AD096BE0092062B /* Utility.swift in Sources */,
				27BBE2842AD7904B001804BC /* CoreDataStack.swift in Sources */,
				27880B192AD097EF0092062B /* Coin.swift in Sources */,
				27BBE2872AD8A2FA001804BC /* CoinList+CoreDataClass.swift in Sources */,
				27880B1B2AD0A08A0092062B /* SetFetchTime.swift in Sources */,
				27BCA28B2AC6F5D700185204 /* SceneDelegate.swift in Sources */,
				27BBE2882AD8A2FA001804BC /* CoinList+CoreDataProperties.swift in Sources */,
				27C0405E2AD78F260022DAA7 /* CryptoTracker.xcdatamodeld in Sources */,
			);
			runOnlyForDeploymentPostprocessing = 0;
		};
/* End PBXSourcesBuildPhase section */

/* Begin PBXVariantGroup section */
		27BCA28E2AC6F5D700185204 /* Main.storyboard */ = {
			isa = PBXVariantGroup;
			children = (
				27BCA28F2AC6F5D700185204 /* Base */,
			);
			name = Main.storyboard;
			sourceTree = "<group>";
		};
		27BCA2932AC6F5D800185204 /* LaunchScreen.storyboard */ = {
			isa = PBXVariantGroup;
			children = (
				27BCA2942AC6F5D800185204 /* Base */,
			);
			name = LaunchScreen.storyboard;
			sourceTree = "<group>";
		};
/* End PBXVariantGroup section */

/* Begin XCBuildConfiguration section */
		27BCA2972AC6F5D800185204 /* Debug */ = {
			isa = XCBuildConfiguration;
			buildSettings = {
				ALWAYS_SEARCH_USER_PATHS = NO;
				ASSETCATALOG_COMPILER_GENERATE_SWIFT_ASSET_SYMBOL_EXTENSIONS = YES;
				CLANG_ANALYZER_NONNULL = YES;
				CLANG_ANALYZER_NUMBER_OBJECT_CONVERSION = YES_AGGRESSIVE;
				CLANG_CXX_LANGUAGE_STANDARD = "gnu++20";
				CLANG_ENABLE_MODULES = YES;
				CLANG_ENABLE_OBJC_ARC = YES;
				CLANG_ENABLE_OBJC_WEAK = YES;
				CLANG_WARN_BLOCK_CAPTURE_AUTORELEASING = YES;
				CLANG_WARN_BOOL_CONVERSION = YES;
				CLANG_WARN_COMMA = YES;
				CLANG_WARN_CONSTANT_CONVERSION = YES;
				CLANG_WARN_DEPRECATED_OBJC_IMPLEMENTATIONS = YES;
				CLANG_WARN_DIRECT_OBJC_ISA_USAGE = YES_ERROR;
				CLANG_WARN_DOCUMENTATION_COMMENTS = YES;
				CLANG_WARN_EMPTY_BODY = YES;
				CLANG_WARN_ENUM_CONVERSION = YES;
				CLANG_WARN_INFINITE_RECURSION = YES;
				CLANG_WARN_INT_CONVERSION = YES;
				CLANG_WARN_NON_LITERAL_NULL_CONVERSION = YES;
				CLANG_WARN_OBJC_IMPLICIT_RETAIN_SELF = YES;
				CLANG_WARN_OBJC_LITERAL_CONVERSION = YES;
				CLANG_WARN_OBJC_ROOT_CLASS = YES_ERROR;
				CLANG_WARN_QUOTED_INCLUDE_IN_FRAMEWORK_HEADER = YES;
				CLANG_WARN_RANGE_LOOP_ANALYSIS = YES;
				CLANG_WARN_STRICT_PROTOTYPES = YES;
				CLANG_WARN_SUSPICIOUS_MOVE = YES;
				CLANG_WARN_UNGUARDED_AVAILABILITY = YES_AGGRESSIVE;
				CLANG_WARN_UNREACHABLE_CODE = YES;
				CLANG_WARN__DUPLICATE_METHOD_MATCH = YES;
				COPY_PHASE_STRIP = NO;
				DEBUG_INFORMATION_FORMAT = dwarf;
				ENABLE_STRICT_OBJC_MSGSEND = YES;
				ENABLE_TESTABILITY = YES;
				ENABLE_USER_SCRIPT_SANDBOXING = YES;
				GCC_C_LANGUAGE_STANDARD = gnu17;
				GCC_DYNAMIC_NO_PIC = NO;
				GCC_NO_COMMON_BLOCKS = YES;
				GCC_OPTIMIZATION_LEVEL = 0;
				GCC_PREPROCESSOR_DEFINITIONS = (
					"DEBUG=1",
					"$(inherited)",
				);
				GCC_WARN_64_TO_32_BIT_CONVERSION = YES;
				GCC_WARN_ABOUT_RETURN_TYPE = YES_ERROR;
				GCC_WARN_UNDECLARED_SELECTOR = YES;
				GCC_WARN_UNINITIALIZED_AUTOS = YES_AGGRESSIVE;
				GCC_WARN_UNUSED_FUNCTION = YES;
				GCC_WARN_UNUSED_VARIABLE = YES;
				IPHONEOS_DEPLOYMENT_TARGET = 17.0;
				LOCALIZATION_PREFERS_STRING_CATALOGS = YES;
				MTL_ENABLE_DEBUG_INFO = INCLUDE_SOURCE;
				MTL_FAST_MATH = YES;
				ONLY_ACTIVE_ARCH = YES;
				SDKROOT = iphoneos;
				SWIFT_ACTIVE_COMPILATION_CONDITIONS = "DEBUG $(inherited)";
				SWIFT_OPTIMIZATION_LEVEL = "-Onone";
			};
			name = Debug;
		};
		27BCA2982AC6F5D800185204 /* Release */ = {
			isa = XCBuildConfiguration;
			buildSettings = {
				ALWAYS_SEARCH_USER_PATHS = NO;
				ASSETCATALOG_COMPILER_GENERATE_SWIFT_ASSET_SYMBOL_EXTENSIONS = YES;
				CLANG_ANALYZER_NONNULL = YES;
				CLANG_ANALYZER_NUMBER_OBJECT_CONVERSION = YES_AGGRESSIVE;
				CLANG_CXX_LANGUAGE_STANDARD = "gnu++20";
				CLANG_ENABLE_MODULES = YES;
				CLANG_ENABLE_OBJC_ARC = YES;
				CLANG_ENABLE_OBJC_WEAK = YES;
				CLANG_WARN_BLOCK_CAPTURE_AUTORELEASING = YES;
				CLANG_WARN_BOOL_CONVERSION = YES;
				CLANG_WARN_COMMA = YES;
				CLANG_WARN_CONSTANT_CONVERSION = YES;
				CLANG_WARN_DEPRECATED_OBJC_IMPLEMENTATIONS = YES;
				CLANG_WARN_DIRECT_OBJC_ISA_USAGE = YES_ERROR;
				CLANG_WARN_DOCUMENTATION_COMMENTS = YES;
				CLANG_WARN_EMPTY_BODY = YES;
				CLANG_WARN_ENUM_CONVERSION = YES;
				CLANG_WARN_INFINITE_RECURSION = YES;
				CLANG_WARN_INT_CONVERSION = YES;
				CLANG_WARN_NON_LITERAL_NULL_CONVERSION = YES;
				CLANG_WARN_OBJC_IMPLICIT_RETAIN_SELF = YES;
				CLANG_WARN_OBJC_LITERAL_CONVERSION = YES;
				CLANG_WARN_OBJC_ROOT_CLASS = YES_ERROR;
				CLANG_WARN_QUOTED_INCLUDE_IN_FRAMEWORK_HEADER = YES;
				CLANG_WARN_RANGE_LOOP_ANALYSIS = YES;
				CLANG_WARN_STRICT_PROTOTYPES = YES;
				CLANG_WARN_SUSPICIOUS_MOVE = YES;
				CLANG_WARN_UNGUARDED_AVAILABILITY = YES_AGGRESSIVE;
				CLANG_WARN_UNREACHABLE_CODE = YES;
				CLANG_WARN__DUPLICATE_METHOD_MATCH = YES;
				COPY_PHASE_STRIP = NO;
				DEBUG_INFORMATION_FORMAT = "dwarf-with-dsym";
				ENABLE_NS_ASSERTIONS = NO;
				ENABLE_STRICT_OBJC_MSGSEND = YES;
				ENABLE_USER_SCRIPT_SANDBOXING = YES;
				GCC_C_LANGUAGE_STANDARD = gnu17;
				GCC_NO_COMMON_BLOCKS = YES;
				GCC_WARN_64_TO_32_BIT_CONVERSION = YES;
				GCC_WARN_ABOUT_RETURN_TYPE = YES_ERROR;
				GCC_WARN_UNDECLARED_SELECTOR = YES;
				GCC_WARN_UNINITIALIZED_AUTOS = YES_AGGRESSIVE;
				GCC_WARN_UNUSED_FUNCTION = YES;
				GCC_WARN_UNUSED_VARIABLE = YES;
				IPHONEOS_DEPLOYMENT_TARGET = 17.0;
				LOCALIZATION_PREFERS_STRING_CATALOGS = YES;
				MTL_ENABLE_DEBUG_INFO = NO;
				MTL_FAST_MATH = YES;
				SDKROOT = iphoneos;
				SWIFT_COMPILATION_MODE = wholemodule;
				VALIDATE_PRODUCT = YES;
			};
			name = Release;
		};
		27BCA29A2AC6F5D800185204 /* Debug */ = {
			isa = XCBuildConfiguration;
			buildSettings = {
				ASSETCATALOG_COMPILER_APPICON_NAME = AppIcon;
				ASSETCATALOG_COMPILER_GLOBAL_ACCENT_COLOR_NAME = AccentColor;
				CODE_SIGN_STYLE = Automatic;
				CURRENT_PROJECT_VERSION = 1;
				GENERATE_INFOPLIST_FILE = YES;
				INFOPLIST_FILE = CryptoTracker/Info.plist;
				INFOPLIST_KEY_UIApplicationSupportsIndirectInputEvents = YES;
				INFOPLIST_KEY_UILaunchStoryboardName = LaunchScreen;
				INFOPLIST_KEY_UIMainStoryboardFile = Main;
				INFOPLIST_KEY_UISupportedInterfaceOrientations_iPad = "UIInterfaceOrientationPortrait UIInterfaceOrientationPortraitUpsideDown UIInterfaceOrientationLandscapeLeft UIInterfaceOrientationLandscapeRight";
				INFOPLIST_KEY_UISupportedInterfaceOrientations_iPhone = "UIInterfaceOrientationPortrait UIInterfaceOrientationLandscapeLeft UIInterfaceOrientationLandscapeRight";
				LD_RUNPATH_SEARCH_PATHS = (
					"$(inherited)",
					"@executable_path/Frameworks",
				);
				MARKETING_VERSION = 1.0;
				PRODUCT_BUNDLE_IDENTIFIER = com.Pindiwala.Yash.CryptoTracker;
				PRODUCT_NAME = "$(TARGET_NAME)";
				SWIFT_EMIT_LOC_STRINGS = YES;
				SWIFT_VERSION = 5.0;
				TARGETED_DEVICE_FAMILY = "1,2";
			};
			name = Debug;
		};
		27BCA29B2AC6F5D800185204 /* Release */ = {
			isa = XCBuildConfiguration;
			buildSettings = {
				ASSETCATALOG_COMPILER_APPICON_NAME = AppIcon;
				ASSETCATALOG_COMPILER_GLOBAL_ACCENT_COLOR_NAME = AccentColor;
				CODE_SIGN_STYLE = Automatic;
				CURRENT_PROJECT_VERSION = 1;
				GENERATE_INFOPLIST_FILE = YES;
				INFOPLIST_FILE = CryptoTracker/Info.plist;
				INFOPLIST_KEY_UIApplicationSupportsIndirectInputEvents = YES;
				INFOPLIST_KEY_UILaunchStoryboardName = LaunchScreen;
				INFOPLIST_KEY_UIMainStoryboardFile = Main;
				INFOPLIST_KEY_UISupportedInterfaceOrientations_iPad = "UIInterfaceOrientationPortrait UIInterfaceOrientationPortraitUpsideDown UIInterfaceOrientationLandscapeLeft UIInterfaceOrientationLandscapeRight";
				INFOPLIST_KEY_UISupportedInterfaceOrientations_iPhone = "UIInterfaceOrientationPortrait UIInterfaceOrientationLandscapeLeft UIInterfaceOrientationLandscapeRight";
				LD_RUNPATH_SEARCH_PATHS = (
					"$(inherited)",
					"@executable_path/Frameworks",
				);
				MARKETING_VERSION = 1.0;
				PRODUCT_BUNDLE_IDENTIFIER = com.Pindiwala.Yash.CryptoTracker;
				PRODUCT_NAME = "$(TARGET_NAME)";
				SWIFT_EMIT_LOC_STRINGS = YES;
				SWIFT_VERSION = 5.0;
				TARGETED_DEVICE_FAMILY = "1,2";
			};
			name = Release;
		};
/* End XCBuildConfiguration section */

/* Begin XCConfigurationList section */
		27BCA2802AC6F5D700185204 /* Build configuration list for PBXProject "CryptoTracker" */ = {
			isa = XCConfigurationList;
			buildConfigurations = (
				27BCA2972AC6F5D800185204 /* Debug */,
				27BCA2982AC6F5D800185204 /* Release */,
			);
			defaultConfigurationIsVisible = 0;
			defaultConfigurationName = Release;
		};
		27BCA2992AC6F5D800185204 /* Build configuration list for PBXNativeTarget "CryptoTracker" */ = {
			isa = XCConfigurationList;
			buildConfigurations = (
				27BCA29A2AC6F5D800185204 /* Debug */,
				27BCA29B2AC6F5D800185204 /* Release */,
			);
			defaultConfigurationIsVisible = 0;
			defaultConfigurationName = Release;
		};
/* End XCConfigurationList section */

/* Begin XCVersionGroup section */
		27C0405C2AD78F260022DAA7 /* CryptoTracker.xcdatamodeld */ = {
			isa = XCVersionGroup;
			children = (
				27C0405D2AD78F260022DAA7 /* CryptoTracker.xcdatamodel */,
			);
			currentVersion = 27C0405D2AD78F260022DAA7 /* CryptoTracker.xcdatamodel */;
			name = CryptoTracker.xcdatamodeld;
			path = ../../CryptoTracker.xcdatamodeld;
			sourceTree = "<group>";
			versionGroupType = wrapper.xcdatamodel;
		};
/* End XCVersionGroup section */
	};
	rootObject = 27BCA27D2AC6F5D700185204 /* Project object */;
}
